// !$*UTF8*$!
{
	archiveVersion = 1;
	classes = {
	};
	objectVersion = 46;
	objects = {

/* Begin PBXBuildFile section */
		A36E67C11DD30B3900AE207C /* AppDelegate.swift in Sources */ = {isa = PBXBuildFile; fileRef = A36E67C01DD30B3900AE207C /* AppDelegate.swift */; };
		A36E67C31DD30B3900AE207C /* ViewController.swift in Sources */ = {isa = PBXBuildFile; fileRef = A36E67C21DD30B3900AE207C /* ViewController.swift */; };
		A36E67C61DD30B3900AE207C /* Main.storyboard in Resources */ = {isa = PBXBuildFile; fileRef = A36E67C41DD30B3900AE207C /* Main.storyboard */; };
		A36E67C81DD30B3900AE207C /* Assets.xcassets in Resources */ = {isa = PBXBuildFile; fileRef = A36E67C71DD30B3900AE207C /* Assets.xcassets */; };
		A36E67CB1DD30B3900AE207C /* LaunchScreen.storyboard in Resources */ = {isa = PBXBuildFile; fileRef = A36E67C91DD30B3900AE207C /* LaunchScreen.storyboard */; };
		A36E67D31DD30B9200AE207C /* CustomCell.swift in Sources */ = {isa = PBXBuildFile; fileRef = A36E67D21DD30B9200AE207C /* CustomCell.swift */; };
		A36E67D91DD310CA00AE207C /* 1.png in Resources */ = {isa = PBXBuildFile; fileRef = A36E67D51DD310CA00AE207C /* 1.png */; };
		A36E67DA1DD310CA00AE207C /* 2.png in Resources */ = {isa = PBXBuildFile; fileRef = A36E67D61DD310CA00AE207C /* 2.png */; };
		A36E67DB1DD310CA00AE207C /* 3.png in Resources */ = {isa = PBXBuildFile; fileRef = A36E67D71DD310CA00AE207C /* 3.png */; };
		A36E67DC1DD310CA00AE207C /* 4.png in Resources */ = {isa = PBXBuildFile; fileRef = A36E67D81DD310CA00AE207C /* 4.png */; };
/* End PBXBuildFile section */

/* Begin PBXFileReference section */
		A36E67BD1DD30B3900AE207C /* Slide Up with @.app */ = {isa = PBXFileReference; explicitFileType = wrapper.application; includeInIndex = 0; path = "Slide Up with @.app"; sourceTree = BUILT_PRODUCTS_DIR; };
		A36E67C01DD30B3900AE207C /* AppDelegate.swift */ = {isa = PBXFileReference; lastKnownFileType = sourcecode.swift; path = AppDelegate.swift; sourceTree = "<group>"; };
		A36E67C21DD30B3900AE207C /* ViewController.swift */ = {isa = PBXFileReference; lastKnownFileType = sourcecode.swift; path = ViewController.swift; sourceTree = "<group>"; };
		A36E67C51DD30B3900AE207C /* Base */ = {isa = PBXFileReference; lastKnownFileType = file.storyboard; name = Base; path = Base.lproj/Main.storyboard; sourceTree = "<group>"; };
		A36E67C71DD30B3900AE207C /* Assets.xcassets */ = {isa = PBXFileReference; lastKnownFileType = folder.assetcatalog; path = Assets.xcassets; sourceTree = "<group>"; };
		A36E67CA1DD30B3900AE207C /* Base */ = {isa = PBXFileReference; lastKnownFileType = file.storyboard; name = Base; path = Base.lproj/LaunchScreen.storyboard; sourceTree = "<group>"; };
		A36E67CC1DD30B3900AE207C /* Info.plist */ = {isa = PBXFileReference; lastKnownFileType = text.plist.xml; path = Info.plist; sourceTree = "<group>"; };
		A36E67D21DD30B9200AE207C /* CustomCell.swift */ = {isa = PBXFileReference; fileEncoding = 4; lastKnownFileType = sourcecode.swift; path = CustomCell.swift; sourceTree = "<group>"; };
		A36E67D51DD310CA00AE207C /* 1.png */ = {isa = PBXFileReference; lastKnownFileType = image.png; path = 1.png; sourceTree = "<group>"; };
		A36E67D61DD310CA00AE207C /* 2.png */ = {isa = PBXFileReference; lastKnownFileType = image.png; path = 2.png; sourceTree = "<group>"; };
		A36E67D71DD310CA00AE207C /* 3.png */ = {isa = PBXFileReference; lastKnownFileType = image.png; path = 3.png; sourceTree = "<group>"; };
		A36E67D81DD310CA00AE207C /* 4.png */ = {isa = PBXFileReference; lastKnownFileType = image.png; path = 4.png; sourceTree = "<group>"; };
/* End PBXFileReference section */

/* Begin PBXFrameworksBuildPhase section */
		A36E67BA1DD30B3900AE207C /* Frameworks */ = {
			isa = PBXFrameworksBuildPhase;
			buildActionMask = 2147483647;
			files = (
			);
			runOnlyForDeploymentPostprocessing = 0;
		};
/* End PBXFrameworksBuildPhase section */

/* Begin PBXGroup section */
		A36E67B41DD30B3900AE207C = {
			isa = PBXGroup;
			children = (
				A36E67BF1DD30B3900AE207C /* Slide Up with @ */,
				A36E67BE1DD30B3900AE207C /* Products */,
			);
			sourceTree = "<group>";
		};
		A36E67BE1DD30B3900AE207C /* Products */ = {
			isa = PBXGroup;
			children = (
				A36E67BD1DD30B3900AE207C /* Slide Up with @.app */,
			);
			name = Products;
			sourceTree = "<group>";
		};
		A36E67BF1DD30B3900AE207C /* Slide Up with @ */ = {
			isa = PBXGroup;
			children = (
				A36E67D41DD310CA00AE207C /* Images */,
				A36E67C01DD30B3900AE207C /* AppDelegate.swift */,
				A36E67C21DD30B3900AE207C /* ViewController.swift */,
				A36E67D21DD30B9200AE207C /* CustomCell.swift */,
				A36E67C41DD30B3900AE207C /* Main.storyboard */,
				A36E67C71DD30B3900AE207C /* Assets.xcassets */,
				A36E67C91DD30B3900AE207C /* LaunchScreen.storyboard */,
				A36E67CC1DD30B3900AE207C /* Info.plist */,
			);
			path = "Slide Up with @";
			sourceTree = "<group>";
		};
		A36E67D41DD310CA00AE207C /* Images */ = {
			isa = PBXGroup;
			children = (
				A36E67D51DD310CA00AE207C /* 1.png */,
				A36E67D61DD310CA00AE207C /* 2.png */,
				A36E67D71DD310CA00AE207C /* 3.png */,
				A36E67D81DD310CA00AE207C /* 4.png */,
			);
			path = Images;
			sourceTree = "<group>";
		};
/* End PBXGroup section */

/* Begin PBXNativeTarget section */
		A36E67BC1DD30B3900AE207C /* Slide Up with @ */ = {
			isa = PBXNativeTarget;
			buildConfigurationList = A36E67CF1DD30B3900AE207C /* Build configuration list for PBXNativeTarget "Slide Up with @" */;
			buildPhases = (
				A36E67B91DD30B3900AE207C /* Sources */,
				A36E67BA1DD30B3900AE207C /* Frameworks */,
				A36E67BB1DD30B3900AE207C /* Resources */,
			);
			buildRules = (
			);
			dependencies = (
			);
			name = "Slide Up with @";
			productName = "Slide Up with @";
			productReference = A36E67BD1DD30B3900AE207C /* Slide Up with @.app */;
			productType = "com.apple.product-type.application";
		};
/* End PBXNativeTarget section */

/* Begin PBXProject section */
		A36E67B51DD30B3900AE207C /* Project object */ = {
			isa = PBXProject;
			attributes = {
				LastSwiftUpdateCheck = 0720;
				LastUpgradeCheck = 0720;
				ORGANIZATIONNAME = "Hasya Panchasara";
				TargetAttributes = {
					A36E67BC1DD30B3900AE207C = {
						CreatedOnToolsVersion = 7.2;
					};
				};
			};
			buildConfigurationList = A36E67B81DD30B3900AE207C /* Build configuration list for PBXProject "Slide Up with @" */;
			compatibilityVersion = "Xcode 3.2";
			developmentRegion = English;
			hasScannedForEncodings = 0;
			knownRegions = (
				en,
				Base,
			);
			mainGroup = A36E67B41DD30B3900AE207C;
			productRefGroup = A36E67BE1DD30B3900AE207C /* Products */;
			projectDirPath = "";
			projectRoot = "";
			targets = (
				A36E67BC1DD30B3900AE207C /* Slide Up with @ */,
			);
		};
/* End PBXProject section */

/* Begin PBXResourcesBuildPhase section */
		A36E67BB1DD30B3900AE207C /* Resources */ = {
			isa = PBXResourcesBuildPhase;
			buildActionMask = 2147483647;
			files = (
				A36E67CB1DD30B3900AE207C /* LaunchScreen.storyboard in Resources */,
				A36E67DC1DD310CA00AE207C /* 4.png in Resources */,
				A36E67D91DD310CA00AE207C /* 1.png in Resources */,
				A36E67DA1DD310CA00AE207C /* 2.png in Resources */,
				A36E67DB1DD310CA00AE207C /* 3.png in Resources */,
				A36E67C81DD30B3900AE207C /* Assets.xcassets in Resources */,
				A36E67C61DD30B3900AE207C /* Main.storyboard in Resources */,
			);
			runOnlyForDeploymentPostprocessing = 0;
		};
/* End PBXResourcesBuildPhase section */

/* Begin PBXSourcesBuildPhase section */
		A36E67B91DD30B3900AE207C /* Sources */ = {
			isa = PBXSourcesBuildPhase;
			buildActionMask = 2147483647;
			files = (
				A36E67C31DD30B3900AE207C /* ViewController.swift in Sources */,
				A36E67D31DD30B9200AE207C /* CustomCell.swift in Sources */,
				A36E67C11DD30B3900AE207C /* AppDelegate.swift in Sources */,
			);
			runOnlyForDeploymentPostprocessing = 0;
		};
/* End PBXSourcesBuildPhase section */

/* Begin PBXVariantGroup section */
		A36E67C41DD30B3900AE207C /* Main.storyboard */ = {
			isa = PBXVariantGroup;
			children = (
				A36E67C51DD30B3900AE207C /* Base */,
			);
			name = Main.storyboard;
			sourceTree = "<group>";
		};
		A36E67C91DD30B3900AE207C /* LaunchScreen.storyboard */ = {
			isa = PBXVariantGroup;
			children = (
				A36E67CA1DD30B3900AE207C /* Base */,
			);
			name = LaunchScreen.storyboard;
			sourceTree = "<group>";
		};
/* End PBXVariantGroup section */

/* Begin XCBuildConfiguration section */
		A36E67CD1DD30B3900AE207C /* Debug */ = {
			isa = XCBuildConfiguration;
			buildSettings = {
				ALWAYS_SEARCH_USER_PATHS = NO;
				CLANG_CXX_LANGUAGE_STANDARD = "gnu++0x";
				CLANG_CXX_LIBRARY = "libc++";
				CLANG_ENABLE_MODULES = YES;
				CLANG_ENABLE_OBJC_ARC = YES;
				CLANG_WARN_BOOL_CONVERSION = YES;
				CLANG_WARN_CONSTANT_CONVERSION = YES;
				CLANG_WARN_DIRECT_OBJC_ISA_USAGE = YES_ERROR;
				CLANG_WARN_EMPTY_BODY = YES;
				CLANG_WARN_ENUM_CONVERSION = YES;
				CLANG_WARN_INT_CONVERSION = YES;
				CLANG_WARN_OBJC_ROOT_CLASS = YES_ERROR;
				CLANG_WARN_UNREACHABLE_CODE = YES;
				CLANG_WARN__DUPLICATE_METHOD_MATCH = YES;
				"CODE_SIGN_IDENTITY[sdk=iphoneos*]" = "iPhone Developer";
				COPY_PHASE_STRIP = NO;
				DEBUG_INFORMATION_FORMAT = dwarf;
				ENABLE_STRICT_OBJC_MSGSEND = YES;
				ENABLE_TESTABILITY = YES;
				GCC_C_LANGUAGE_STANDARD = gnu99;
				GCC_DYNAMIC_NO_PIC = NO;
				GCC_NO_COMMON_BLOCKS = YES;
				GCC_OPTIMIZATION_LEVEL = 0;
				GCC_PREPROCESSOR_DEFINITIONS = (
					"DEBUG=1",
					"$(inherited)",
				);
				GCC_WARN_64_TO_32_BIT_CONVERSION = YES;
				GCC_WARN_ABOUT_RETURN_TYPE = YES_ERROR;
				GCC_WARN_UNDECLARED_SELECTOR = YES;
				GCC_WARN_UNINITIALIZED_AUTOS = YES_AGGRESSIVE;
				GCC_WARN_UNUSED_FUNCTION = YES;
				GCC_WARN_UNUSED_VARIABLE = YES;
				IPHONEOS_DEPLOYMENT_TARGET = 7.0;
				MTL_ENABLE_DEBUG_INFO = YES;
				ONLY_ACTIVE_ARCH = YES;
				SDKROOT = iphoneos;
				SWIFT_OPTIMIZATION_LEVEL = "-Onone";
			};
			name = Debug;
		};
		A36E67CE1DD30B3900AE207C /* Release */ = {
			isa = XCBuildConfiguration;
			buildSettings = {
				ALWAYS_SEARCH_USER_PATHS = NO;
				CLANG_CXX_LANGUAGE_STANDARD = "gnu++0x";
				CLANG_CXX_LIBRARY = "libc++";
				CLANG_ENABLE_MODULES = YES;
				CLANG_ENABLE_OBJC_ARC = YES;
				CLANG_WARN_BOOL_CONVERSION = YES;
				CLANG_WARN_CONSTANT_CONVERSION = YES;
				CLANG_WARN_DIRECT_OBJC_ISA_USAGE = YES_ERROR;
				CLANG_WARN_EMPTY_BODY = YES;
				CLANG_WARN_ENUM_CONVERSION = YES;
				CLANG_WARN_INT_CONVERSION = YES;
				CLANG_WARN_OBJC_ROOT_CLASS = YES_ERROR;
				CLANG_WARN_UNREACHABLE_CODE = YES;
				CLANG_WARN__DUPLICATE_METHOD_MATCH = YES;
				"CODE_SIGN_IDENTITY[sdk=iphoneos*]" = "iPhone Developer";
				COPY_PHASE_STRIP = NO;
				DEBUG_INFORMATION_FORMAT = "dwarf-with-dsym";
				ENABLE_NS_ASSERTIONS = NO;
				ENABLE_STRICT_OBJC_MSGSEND = YES;
				GCC_C_LANGUAGE_STANDARD = gnu99;
				GCC_NO_COMMON_BLOCKS = YES;
				GCC_WARN_64_TO_32_BIT_CONVERSION = YES;
				GCC_WARN_ABOUT_RETURN_TYPE = YES_ERROR;
				GCC_WARN_UNDECLARED_SELECTOR = YES;
				GCC_WARN_UNINITIALIZED_AUTOS = YES_AGGRESSIVE;
				GCC_WARN_UNUSED_FUNCTION = YES;
				GCC_WARN_UNUSED_VARIABLE = YES;
				IPHONEOS_DEPLOYMENT_TARGET = 7.0;
				MTL_ENABLE_DEBUG_INFO = NO;
				SDKROOT = iphoneos;
				VALIDATE_PRODUCT = YES;
			};
			name = Release;
		};
		A36E67D01DD30B3900AE207C /* Debug */ = {
			isa = XCBuildConfiguration;
			buildSettings = {
				ASSETCATALOG_COMPILER_APPICON_NAME = AppIcon;
				INFOPLIST_FILE = "Slide Up with @/Info.plist";
				IPHONEOS_DEPLOYMENT_TARGET = 7.0;
				LD_RUNPATH_SEARCH_PATHS = "$(inherited) @executable_path/Frameworks";
				PRODUCT_BUNDLE_IDENTIFIER = "com.hp.Slide-Up-with--";
				PRODUCT_NAME = "$(TARGET_NAME)";
			};
			name = Debug;
		};
		A36E67D11DD30B3900AE207C /* Release */ = {
			isa = XCBuildConfiguration;
			buildSettings = {
				ASSETCATALOG_COMPILER_APPICON_NAME = AppIcon;
				INFOPLIST_FILE = "Slide Up with @/Info.plist";
				IPHONEOS_DEPLOYMENT_TARGET = 7.0;
				LD_RUNPATH_SEARCH_PATHS = "$(inherited) @executable_path/Frameworks";
				PRODUCT_BUNDLE_IDENTIFIER = "com.hp.Slide-Up-with--";
				PRODUCT_NAME = "$(TARGET_NAME)";
			};
			name = Release;
		};
/* End XCBuildConfiguration section */

/* Begin XCConfigurationList section */
		A36E67B81DD30B3900AE207C /* Build configuration list for PBXProject "Slide Up with @" */ = {
			isa = XCConfigurationList;
			buildConfigurations = (
				A36E67CD1DD30B3900AE207C /* Debug */,
				A36E67CE1DD30B3900AE207C /* Release */,
			);
			defaultConfigurationIsVisible = 0;
			defaultConfigurationName = Release;
		};
		A36E67CF1DD30B3900AE207C /* Build configuration list for PBXNativeTarget "Slide Up with @" */ = {
			isa = XCConfigurationList;
			buildConfigurations = (
				A36E67D01DD30B3900AE207C /* Debug */,
				A36E67D11DD30B3900AE207C /* Release */,
			);
			defaultConfigurationIsVisible = 0;
		};
/* End XCConfigurationList section */
	};
	rootObject = A36E67B51DD30B3900AE207C /* Project object */;
}
